Microsoft Visual Studio Solution File, Format Version 11.00
# Visual Studio 2010
Project("{8BC9CEB8-8B4A-11D0-8D11-00A0C91BC942}") = "businesscard", "VS2010_x64\businesscard.vcxproj", "{25A5EA7A-0031-4DCB-A500-725092CD5CCE}"
EndProject
Project("{8BC9CEB8-8B4A-11D0-8D11-00A0C91BC942}") = "hello", "VS2010_x64\hello.vcxproj", "{186CC885-2C32-4DFE-8312-B9694F27CA36}"
EndProject
Project("{8BC9CEB8-8B4A-11D0-8D11-00A0C91BC942}") = "image", "VS2010_x64\image.vcxproj", "{BFF9E833-F43D-4B07-BFDE-F6D3B04F88EE}"
EndProject
Project("{8BC9CEB8-8B4A-11D0-8D11-00A0C91BC942}") = "invoice", "VS2010_x64\invoice.vcxproj", "{E4BACBAF-C4E6-4617-B968-EAA23D6D273A}"
EndProject
Project("{8BC9CEB8-8B4A-11D0-8D11-00A0C91BC942}") = "starter_pdfimpose", "VS2010_x64\starter_pdfimpose.vcxproj", "{7EB78B08-162F-45C0-8374-8246B335A6BE}"
EndProject
Project("{8BC9CEB8-8B4A-11D0-8D11-00A0C91BC942}") = "starter_basic", "VS2010_x64\starter_basic.vcxproj", "{E7492F2C-3569-4B0F-BD5D-6505B2B64DD0}"
EndProject
Project("{8BC9CEB8-8B4A-11D0-8D11-00A0C91BC942}") = "starter_block", "VS2010_x64\starter_block.vcxproj", "{0B0537EB-0E0E-4CA0-B3B9-0184031CB906}"
EndProject
Project("{8BC9CEB8-8B4A-11D0-8D11-00A0C91BC942}") = "starter_color", "VS2010_x64\starter_color.vcxproj", "{B91092C3-D3B1-40AE-9F38-858903CEE6B0}"
EndProject
Project("{8BC9CEB8-8B4A-11D0-8D11-00A0C91BC942}") = "starter_fallback", "VS2010_x64\starter_fallback.vcxproj", "{890715E3-0B27-4BBD-9F18-616C8C84BEEF}"
EndProject
Project("{8BC9CEB8-8B4A-11D0-8D11-00A0C91BC942}") = "starter_graphics", "VS2010_x64\starter_graphics.vcxproj", "{9EEF3D34-8FD2-4E3C-A528-7183AA157B01}"
EndProject
Project("{8BC9CEB8-8B4A-11D0-8D11-00A0C91BC942}") = "starter_image", "VS2010_x64\starter_image.vcxproj", "{C7F1D317-FDB4-48E0-B773-BEAF74CA5C21}"
EndProject
Project("{8BC9CEB8-8B4A-11D0-8D11-00A0C91BC942}") = "starter_layer", "VS2010_x64\starter_layer.vcxproj", "{796FFBF7-951C-49C3-BBFB-AFE1BE4E4EA8}"
EndProject
Project("{8BC9CEB8-8B4A-11D0-8D11-00A0C91BC942}") = "starter_opentype", "VS2010_x64\starter_opentype.vcxproj", "{33E1DE15-629B-4A9A-9EDD-FCD6C1E95D1A}"
EndProject
Project("{8BC9CEB8-8B4A-11D0-8D11-00A0C91BC942}") = "starter_pcos", "VS2010_x64\starter_pcos.vcxproj", "{D7933D45-E49C-4A55-A1C1-42AFB0654F82}"
EndProject
Project("{8BC9CEB8-8B4A-11D0-8D11-00A0C91BC942}") = "starter_path", "VS2010_x64\starter_path.vcxproj", "{D7933D45-E49C-4A55-A1C1-42AFB0654F82}"
EndProject
Project("{8BC9CEB8-8B4A-11D0-8D11-00A0C91BC942}") = "starter_pdfua1", "VS2010_x64\starter_pdfua1.vcxproj", "{92AFCB2D-FDB3-4062-9B80-E44C34EAA327}"
EndProject
Project("{8BC9CEB8-8B4A-11D0-8D11-00A0C91BC942}") = "starter_pdfa1b", "VS2010_x64\starter_pdfa1b.vcxproj", "{EE5B04AE-DBC8-49C5-8333-569A645F8D5C}"
EndProject
Project("{8BC9CEB8-8B4A-11D0-8D11-00A0C91BC942}") = "starter_pdfa2b", "VS2010_x64\starter_pdfa2b.vcxproj", "{EE5B04AE-DBC8-49C5-8333-569A645F8D5C}"
EndProject
Project("{8BC9CEB8-8B4A-11D0-8D11-00A0C91BC942}") = "starter_pdfmerge", "VS2010_x64\starter_pdfmerge.vcxproj", "{BA37CB1E-1034-4ECA-A72C-E7DF47DD705E}"
EndProject
Project("{8BC9CEB8-8B4A-11D0-8D11-00A0C91BC942}") = "starter_pdfx3", "VS2010_x64\starter_pdfx3.vcxproj", "{8DF8116E-AC3C-4741-824C-02CA06F4F71B}"
EndProject
Project("{8BC9CEB8-8B4A-11D0-8D11-00A0C91BC942}") = "starter_pdfx4", "VS2010_x64\starter_pdfx4.vcxproj", "{5F0DC2DF-5231-4D1E-914D-092B0EB3FD7A}"
EndProject
Project("{8BC9CEB8-8B4A-11D0-8D11-00A0C91BC942}") = "starter_portfolio", "VS2010_x64\starter_portfolio.vcxproj", "{D609096F-9CB4-489D-9075-F6A3D4E2081F}"
EndProject
Project("{8BC9CEB8-8B4A-11D0-8D11-00A0C91BC942}") = "starter_pvf", "VS2010_x64\starter_pvf.vcxproj", "{A382E4AC-306B-48D1-895F-AA0177578054}"
EndProject
Project("{8BC9CEB8-8B4A-11D0-8D11-00A0C91BC942}") = "starter_shaping", "VS2010_x64\starter_shaping.vcxproj", "{B7299AFE-5224-48E1-A167-FE9886656685}"
EndProject
Project("{8BC9CEB8-8B4A-11D0-8D11-00A0C91BC942}") = "starter_svg", "VS2010_x64\starter_svg.vcxproj", "{AC42CCE2-D484-4891-AF43-E4AD93517DBB}"
EndProject
Project("{8BC9CEB8-8B4A-11D0-8D11-00A0C91BC942}") = "starter_table", "VS2010_x64\starter_table.vcxproj", "{09CF9DA4-9695-44EE-B2EC-4889F20E052D}"
EndProject
Project("{8BC9CEB8-8B4A-11D0-8D11-00A0C91BC942}") = "starter_textflow", "VS2010_x64\starter_textflow.vcxproj", "{AF19DAC4-5B05-4DAD-A5B5-E3430486E54C}"
EndProject
Project("{8BC9CEB8-8B4A-11D0-8D11-00A0C91BC942}") = "starter_textline", "VS2010_x64\starter_textline.vcxproj", "{F4D7880B-AB7B-4B40-9B59-06DCFA315AC7}"
EndProject
Project("{8BC9CEB8-8B4A-11D0-8D11-00A0C91BC942}") = "starter_formfields", "VS2010_x64\starter_formfields.vcxproj", "{D4B76F2A-C549-4FE7-8687-076E86527554}"
EndProject
Global
	GlobalSection(SolutionConfigurationPlatforms) = preSolution
		Debug|x64 = Debug|x64
		Release|x64 = Release|x64
	EndGlobalSection
	GlobalSection(ProjectConfigurationPlatforms) = postSolution
		{25A5EA7A-0031-4DCB-A500-725092CD5CCE}.Debug|x64.ActiveCfg = Debug|x64
		{25A5EA7A-0031-4DCB-A500-725092CD5CCE}.Debug|x64.Build.0 = Debug|x64
		{25A5EA7A-0031-4DCB-A500-725092CD5CCE}.Release|x64.ActiveCfg = Release|x64
		{25A5EA7A-0031-4DCB-A500-725092CD5CCE}.Release|x64.Build.0 = Release|x64
		{186CC885-2C32-4DFE-8312-B9694F27CA36}.Debug|x64.ActiveCfg = Debug|x64
		{186CC885-2C32-4DFE-8312-B9694F27CA36}.Debug|x64.Build.0 = Debug|x64
		{186CC885-2C32-4DFE-8312-B9694F27CA36}.Release|x64.ActiveCfg = Release|x64
		{186CC885-2C32-4DFE-8312-B9694F27CA36}.Release|x64.Build.0 = Release|x64
		{BFF9E833-F43D-4B07-BFDE-F6D3B04F88EE}.Debug|x64.ActiveCfg = Debug|x64
		{BFF9E833-F43D-4B07-BFDE-F6D3B04F88EE}.Debug|x64.Build.0 = Debug|x64
		{BFF9E833-F43D-4B07-BFDE-F6D3B04F88EE}.Release|x64.ActiveCfg = Release|x64
		{BFF9E833-F43D-4B07-BFDE-F6D3B04F88EE}.Release|x64.Build.0 = Release|x64
		{E4BACBAF-C4E6-4617-B968-EAA23D6D273A}.Debug|x64.ActiveCfg = Debug|x64
		{E4BACBAF-C4E6-4617-B968-EAA23D6D273A}.Debug|x64.Build.0 = Debug|x64
		{E4BACBAF-C4E6-4617-B968-EAA23D6D273A}.Release|x64.ActiveCfg = Release|x64
		{E4BACBAF-C4E6-4617-B968-EAA23D6D273A}.Release|x64.Build.0 = Release|x64
		{97C4852D-B967-45CD-886A-7727C8AD832E}.Debug|x64.ActiveCfg = Debug|x64
		{97C4852D-B967-45CD-886A-7727C8AD832E}.Debug|x64.Build.0 = Debug|x64
		{97C4852D-B967-45CD-886A-7727C8AD832E}.Release|x64.ActiveCfg = Release|x64
		{97C4852D-B967-45CD-886A-7727C8AD832E}.Release|x64.Build.0 = Release|x64
		{7EB78B08-162F-45C0-8374-8246B335A6BE}.Debug|x64.ActiveCfg = Debug|x64
		{7EB78B08-162F-45C0-8374-8246B335A6BE}.Debug|x64.Build.0 = Debug|x64
		{7EB78B08-162F-45C0-8374-8246B335A6BE}.Release|x64.ActiveCfg = Release|x64
		{7EB78B08-162F-45C0-8374-8246B335A6BE}.Release|x64.Build.0 = Release|x64
		{E7492F2C-3569-4B0F-BD5D-6505B2B64DD0}.Debug|x64.ActiveCfg = Debug|x64
		{E7492F2C-3569-4B0F-BD5D-6505B2B64DD0}.Debug|x64.Build.0 = Debug|x64
		{E7492F2C-3569-4B0F-BD5D-6505B2B64DD0}.Release|x64.ActiveCfg = Release|x64
		{E7492F2C-3569-4B0F-BD5D-6505B2B64DD0}.Release|x64.Build.0 = Release|x64
		{0B0537EB-0E0E-4CA0-B3B9-0184031CB906}.Debug|x64.ActiveCfg = Debug|x64
		{0B0537EB-0E0E-4CA0-B3B9-0184031CB906}.Debug|x64.Build.0 = Debug|x64
		{0B0537EB-0E0E-4CA0-B3B9-0184031CB906}.Release|x64.ActiveCfg = Release|x64
		{0B0537EB-0E0E-4CA0-B3B9-0184031CB906}.Release|x64.Build.0 = Release|x64
		{B91092C3-D3B1-40AE-9F38-858903CEE6B0}.Debug|x64.ActiveCfg = Debug|x64
		{B91092C3-D3B1-40AE-9F38-858903CEE6B0}.Debug|x64.Build.0 = Debug|x64
		{B91092C3-D3B1-40AE-9F38-858903CEE6B0}.Release|x64.ActiveCfg = Release|x64
		{B91092C3-D3B1-40AE-9F38-858903CEE6B0}.Release|x64.Build.0 = Release|x64
		{890715E3-0B27-4BBD-9F18-616C8C84BEEF}.Debug|x64.ActiveCfg = Debug|x64
		{890715E3-0B27-4BBD-9F18-616C8C84BEEF}.Debug|x64.Build.0 = Debug|x64
		{890715E3-0B27-4BBD-9F18-616C8C84BEEF}.Release|x64.ActiveCfg = Release|x64
		{890715E3-0B27-4BBD-9F18-616C8C84BEEF}.Release|x64.Build.0 = Release|x64
		{BCD4CA14-70C5-45F2-81D7-1DB7882EB0C7}.Debug|x64.ActiveCfg = Debug|x64
		{BCD4CA14-70C5-45F2-81D7-1DB7882EB0C7}.Debug|x64.Build.0 = Debug|x64
		{BCD4CA14-70C5-45F2-81D7-1DB7882EB0C7}.Release|x64.ActiveCfg = Release|x64
		{BCD4CA14-70C5-45F2-81D7-1DB7882EB0C7}.Release|x64.Build.0 = Release|x64
		{9EEF3D34-8FD2-4E3C-A528-7183AA157B01}.Debug|x64.ActiveCfg = Debug|x64
		{9EEF3D34-8FD2-4E3C-A528-7183AA157B01}.Debug|x64.Build.0 = Debug|x64
		{9EEF3D34-8FD2-4E3C-A528-7183AA157B01}.Release|x64.ActiveCfg = Release|x64
		{9EEF3D34-8FD2-4E3C-A528-7183AA157B01}.Release|x64.Build.0 = Release|x64
		{C7F1D317-FDB4-48E0-B773-BEAF74CA5C21}.Debug|x64.ActiveCfg = Debug|x64
		{C7F1D317-FDB4-48E0-B773-BEAF74CA5C21}.Debug|x64.Build.0 = Debug|x64
		{C7F1D317-FDB4-48E0-B773-BEAF74CA5C21}.Release|x64.ActiveCfg = Release|x64
		{C7F1D317-FDB4-48E0-B773-BEAF74CA5C21}.Release|x64.Build.0 = Release|x64
		{796FFBF7-951C-49C3-BBFB-AFE1BE4E4EA8}.Debug|x64.ActiveCfg = Debug|x64
		{796FFBF7-951C-49C3-BBFB-AFE1BE4E4EA8}.Debug|x64.Build.0 = Debug|x64
		{796FFBF7-951C-49C3-BBFB-AFE1BE4E4EA8}.Release|x64.ActiveCfg = Release|x64
		{796FFBF7-951C-49C3-BBFB-AFE1BE4E4EA8}.Release|x64.Build.0 = Release|x64
		{33E1DE15-629B-4A9A-9EDD-FCD6C1E95D1A}.Debug|x64.ActiveCfg = Debug|x64
		{33E1DE15-629B-4A9A-9EDD-FCD6C1E95D1A}.Debug|x64.Build.0 = Debug|x64
		{33E1DE15-629B-4A9A-9EDD-FCD6C1E95D1A}.Release|x64.ActiveCfg = Release|x64
		{33E1DE15-629B-4A9A-9EDD-FCD6C1E95D1A}.Release|x64.Build.0 = Release|x64
		{D7933D45-E49C-4A55-A1C1-42AFB0654F82}.Debug|x64.ActiveCfg = Debug|x64
		{D7933D45-E49C-4A55-A1C1-42AFB0654F82}.Debug|x64.Build.0 = Debug|x64
		{D7933D45-E49C-4A55-A1C1-42AFB0654F82}.Release|x64.ActiveCfg = Release|x64
		{D7933D45-E49C-4A55-A1C1-42AFB0654F82}.Release|x64.Build.0 = Release|x64
		{92AFCB2D-FDB3-4062-9B80-E44C34EAA327}.Debug|x64.ActiveCfg = Debug|x64
		{92AFCB2D-FDB3-4062-9B80-E44C34EAA327}.Debug|x64.Build.0 = Debug|x64
		{92AFCB2D-FDB3-4062-9B80-E44C34EAA327}.Release|x64.ActiveCfg = Release|x64
		{92AFCB2D-FDB3-4062-9B80-E44C34EAA327}.Release|x64.Build.0 = Release|x64
		{EE5B04AE-DBC8-49C5-8333-569A645F8D5C}.Debug|x64.ActiveCfg = Debug|x64
		{EE5B04AE-DBC8-49C5-8333-569A645F8D5C}.Debug|x64.Build.0 = Debug|x64
		{EE5B04AE-DBC8-49C5-8333-569A645F8D5C}.Release|x64.ActiveCfg = Release|x64
		{EE5B04AE-DBC8-49C5-8333-569A645F8D5C}.Release|x64.Build.0 = Release|x64
		{BA37CB1E-1034-4ECA-A72C-E7DF47DD705E}.Debug|x64.ActiveCfg = Debug|x64
		{BA37CB1E-1034-4ECA-A72C-E7DF47DD705E}.Debug|x64.Build.0 = Debug|x64
		{BA37CB1E-1034-4ECA-A72C-E7DF47DD705E}.Release|x64.ActiveCfg = Release|x64
		{BA37CB1E-1034-4ECA-A72C-E7DF47DD705E}.Release|x64.Build.0 = Release|x64
		{8DF8116E-AC3C-4741-824C-02CA06F4F71B}.Debug|x64.ActiveCfg = Debug|x64
		{8DF8116E-AC3C-4741-824C-02CA06F4F71B}.Debug|x64.Build.0 = Debug|x64
		{8DF8116E-AC3C-4741-824C-02CA06F4F71B}.Release|x64.ActiveCfg = Release|x64
		{8DF8116E-AC3C-4741-824C-02CA06F4F71B}.Release|x64.Build.0 = Release|x64
		{5F0DC2DF-5231-4D1E-914D-092B0EB3FD7A}.Debug|x64.ActiveCfg = Debug|x64
		{5F0DC2DF-5231-4D1E-914D-092B0EB3FD7A}.Debug|x64.Build.0 = Debug|x64
		{5F0DC2DF-5231-4D1E-914D-092B0EB3FD7A}.Release|x64.ActiveCfg = Release|x64
		{5F0DC2DF-5231-4D1E-914D-092B0EB3FD7A}.Release|x64.Build.0 = Release|x64
		{D609096F-9CB4-489D-9075-F6A3D4E2081F}.Debug|x64.ActiveCfg = Debug|x64
		{D609096F-9CB4-489D-9075-F6A3D4E2081F}.Debug|x64.Build.0 = Debug|x64
		{D609096F-9CB4-489D-9075-F6A3D4E2081F}.Release|x64.ActiveCfg = Release|x64
		{D609096F-9CB4-489D-9075-F6A3D4E2081F}.Release|x64.Build.0 = Release|x64
		{A382E4AC-306B-48D1-895F-AA0177578054}.Debug|x64.ActiveCfg = Debug|x64
		{A382E4AC-306B-48D1-895F-AA0177578054}.Debug|x64.Build.0 = Debug|x64
		{A382E4AC-306B-48D1-895F-AA0177578054}.Release|x64.ActiveCfg = Release|x64
		{A382E4AC-306B-48D1-895F-AA0177578054}.Release|x64.Build.0 = Release|x64
		{B7299AFE-5224-48E1-A167-FE9886656685}.Debug|x64.ActiveCfg = Debug|x64
		{B7299AFE-5224-48E1-A167-FE9886656685}.Debug|x64.Build.0 = Debug|x64
		{B7299AFE-5224-48E1-A167-FE9886656685}.Release|x64.ActiveCfg = Release|x64
		{B7299AFE-5224-48E1-A167-FE9886656685}.Release|x64.Build.0 = Release|x64
		{AC42CCE2-D484-4891-AF43-E4AD93517DBB}.Debug|x64.ActiveCfg = Debug|x64
		{AC42CCE2-D484-4891-AF43-E4AD93517DBB}.Debug|x64.Build.0 = Debug|x64
		{AC42CCE2-D484-4891-AF43-E4AD93517DBB}.Release|x64.ActiveCfg = Release|x64
		{AC42CCE2-D484-4891-AF43-E4AD93517DBB}.Release|x64.Build.0 = Release|x64
		{09CF9DA4-9695-44EE-B2EC-4889F20E052D}.Debug|x64.ActiveCfg = Debug|x64
		{09CF9DA4-9695-44EE-B2EC-4889F20E052D}.Debug|x64.Build.0 = Debug|x64
		{09CF9DA4-9695-44EE-B2EC-4889F20E052D}.Release|x64.ActiveCfg = Release|x64
		{09CF9DA4-9695-44EE-B2EC-4889F20E052D}.Release|x64.Build.0 = Release|x64
		{AF19DAC4-5B05-4DAD-A5B5-E3430486E54C}.Debug|x64.ActiveCfg = Debug|x64
		{AF19DAC4-5B05-4DAD-A5B5-E3430486E54C}.Debug|x64.Build.0 = Debug|x64
		{AF19DAC4-5B05-4DAD-A5B5-E3430486E54C}.Release|x64.ActiveCfg = Release|x64
		{AF19DAC4-5B05-4DAD-A5B5-E3430486E54C}.Release|x64.Build.0 = Release|x64
		{F4D7880B-AB7B-4B40-9B59-06DCFA315AC7}.Debug|x64.ActiveCfg = Debug|x64
		{F4D7880B-AB7B-4B40-9B59-06DCFA315AC7}.Debug|x64.Build.0 = Debug|x64
		{F4D7880B-AB7B-4B40-9B59-06DCFA315AC7}.Release|x64.ActiveCfg = Release|x64
		{F4D7880B-AB7B-4B40-9B59-06DCFA315AC7}.Release|x64.Build.0 = Release|x64
		{D4B76F2A-C549-4FE7-8687-076E86527554}.Debug|x64.ActiveCfg = Debug|x64
		{D4B76F2A-C549-4FE7-8687-076E86527554}.Debug|x64.Build.0 = Debug|x64
		{D4B76F2A-C549-4FE7-8687-076E86527554}.Release|x64.ActiveCfg = Release|x64
		{D4B76F2A-C549-4FE7-8687-076E86527554}.Release|x64.Build.0 = Release|x64
	EndGlobalSection
	GlobalSection(SolutionProperties) = preSolution
		HideSolutionNode = FALSE
	EndGlobalSection
EndGlobal
